{
  "name": "lucos_aithne_jsclient",
  "version": "0.0.0",
  "lockfileVersion": 3,
  "requires": true,
  "packages": {
    "": {
      "name": "lucos_aithne_jsclient",
      "version": "0.0.0",
      "dependencies": {
        "jose": "^6.2.3"
      }
    },
    "node_modules/jose": {
      "version": "6.2.5",
      "resolved": "https://registry.npmjs.org/jose/-/jose-6.2.5.tgz",
      "integrity": "sha512-2E5L2yRp03FnwreJLJX8/r7mHiZICCf8kG7fAsTWkSQTDAcc46NIZoQLKy+EJ8sPoJlxyS4OQR5H70LjIZZlIQ==",
      "license": "MIT",
      "funding": {
        "url": "https://github.com/sponsors/panva"
      }
    }
  }
}
